
Microsoft Visual Studio Solution File, Format Version 12.00
# Visual Studio Version 17
VisualStudioVersion = 17.6.33723.286
MinimumVisualStudioVersion = 10.0.40219.1
Project("{FAE04EC0-301F-11D3-BF4B-00C04F79EFBC}") = "LAB_1", "LAB_1\LAB_1.csproj", "{90BF6A43-0D51-4176-99F8-28321121016B}"
EndProject
Global
	GlobalSection(SolutionConfigurationPlatforms) = preSolution
		Debug|Any CPU = Debug|Any CPU
		Release|Any CPU = Release|Any CPU
	EndGlobalSection
	GlobalSection(ProjectConfigurationPlatforms) = postSolution
		{90BF6A43-0D51-4176-99F8-28321121016B}.Debug|Any CPU.ActiveCfg = Debug|Any CPU
		{90BF6A43-0D51-4176-99F8-28321121016B}.Debug|Any CPU.Build.0 = Debug|Any CPU
		{90BF6A43-0D51-4176-99F8-28321121016B}.Release|Any CPU.ActiveCfg = Release|Any CPU
		{90BF6A43-0D51-4176-99F8-28321121016B}.Release|Any CPU.Build.0 = Release|Any CPU
	EndGlobalSection
	GlobalSection(SolutionProperties) = preSolution
		HideSolutionNode = FALSE
	EndGlobalSection
	GlobalSection(ExtensibilityGlobals) = postSolution
		SolutionGuid = {08AB9284-9703-465A-9665-0AF6DFB5EBCD}
	EndGlobalSection
EndGlobal
