
Microsoft Visual Studio Solution File, Format Version 12.00
# Visual Studio Version 17
VisualStudioVersion = 17.6.33723.286
MinimumVisualStudioVersion = 10.0.40219.1
Project("{FAE04EC0-301F-11D3-BF4B-00C04F79EFBC}") = "LAB_4", "LAB_4\LAB_4.csproj", "{1AAD920D-0159-45CC-A3B0-8C02BE0F85CE}"
EndProject
Global
	GlobalSection(SolutionConfigurationPlatforms) = preSolution
		Debug|Any CPU = Debug|Any CPU
		Release|Any CPU = Release|Any CPU
	EndGlobalSection
	GlobalSection(ProjectConfigurationPlatforms) = postSolution
		{1AAD920D-0159-45CC-A3B0-8C02BE0F85CE}.Debug|Any CPU.ActiveCfg = Debug|Any CPU
		{1AAD920D-0159-45CC-A3B0-8C02BE0F85CE}.Debug|Any CPU.Build.0 = Debug|Any CPU
		{1AAD920D-0159-45CC-A3B0-8C02BE0F85CE}.Release|Any CPU.ActiveCfg = Release|Any CPU
		{1AAD920D-0159-45CC-A3B0-8C02BE0F85CE}.Release|Any CPU.Build.0 = Release|Any CPU
	EndGlobalSection
	GlobalSection(SolutionProperties) = preSolution
		HideSolutionNode = FALSE
	EndGlobalSection
	GlobalSection(ExtensibilityGlobals) = postSolution
		SolutionGuid = {D9E87DC5-ABEA-4517-9B7A-5EEF4C393BA4}
	EndGlobalSection
EndGlobal
