
Microsoft Visual Studio Solution File, Format Version 12.00
# Visual Studio Version 17
VisualStudioVersion = 17.9.34526.213
MinimumVisualStudioVersion = 10.0.40219.1
Project("{FAE04EC0-301F-11D3-BF4B-00C04F79EFBC}") = "LAB4(10)", "LAB4(10)\LAB4(10).csproj", "{217C321F-EACF-4233-8FCB-5DFAE0C5E540}"
EndProject
Global
	GlobalSection(SolutionConfigurationPlatforms) = preSolution
		Debug|Any CPU = Debug|Any CPU
		Release|Any CPU = Release|Any CPU
	EndGlobalSection
	GlobalSection(ProjectConfigurationPlatforms) = postSolution
		{217C321F-EACF-4233-8FCB-5DFAE0C5E540}.Debug|Any CPU.ActiveCfg = Debug|Any CPU
		{217C321F-EACF-4233-8FCB-5DFAE0C5E540}.Debug|Any CPU.Build.0 = Debug|Any CPU
		{217C321F-EACF-4233-8FCB-5DFAE0C5E540}.Release|Any CPU.ActiveCfg = Release|Any CPU
		{217C321F-EACF-4233-8FCB-5DFAE0C5E540}.Release|Any CPU.Build.0 = Release|Any CPU
	EndGlobalSection
	GlobalSection(SolutionProperties) = preSolution
		HideSolutionNode = FALSE
	EndGlobalSection
	GlobalSection(ExtensibilityGlobals) = postSolution
		SolutionGuid = {EA23635C-CDAD-4F7B-B0AA-5F4ADCF18EE9}
	EndGlobalSection
EndGlobal
