
Microsoft Visual Studio Solution File, Format Version 12.00
# Visual Studio Version 17
VisualStudioVersion = 17.6.33723.286
MinimumVisualStudioVersion = 10.0.40219.1
Project("{FAE04EC0-301F-11D3-BF4B-00C04F79EFBC}") = "LAB_6", "LAB_6\LAB_6.csproj", "{FEB82EE5-F2D4-4E41-AA8B-A9C3CAEE82DD}"
EndProject
Global
	GlobalSection(SolutionConfigurationPlatforms) = preSolution
		Debug|Any CPU = Debug|Any CPU
		Release|Any CPU = Release|Any CPU
	EndGlobalSection
	GlobalSection(ProjectConfigurationPlatforms) = postSolution
		{FEB82EE5-F2D4-4E41-AA8B-A9C3CAEE82DD}.Debug|Any CPU.ActiveCfg = Debug|Any CPU
		{FEB82EE5-F2D4-4E41-AA8B-A9C3CAEE82DD}.Debug|Any CPU.Build.0 = Debug|Any CPU
		{FEB82EE5-F2D4-4E41-AA8B-A9C3CAEE82DD}.Release|Any CPU.ActiveCfg = Release|Any CPU
		{FEB82EE5-F2D4-4E41-AA8B-A9C3CAEE82DD}.Release|Any CPU.Build.0 = Release|Any CPU
	EndGlobalSection
	GlobalSection(SolutionProperties) = preSolution
		HideSolutionNode = FALSE
	EndGlobalSection
	GlobalSection(ExtensibilityGlobals) = postSolution
		SolutionGuid = {514F9EE1-EA8A-49B3-A0B2-A4B8B493B566}
	EndGlobalSection
EndGlobal
