
Microsoft Visual Studio Solution File, Format Version 12.00
# Visual Studio Version 16
VisualStudioVersion = 16.0.33328.57
MinimumVisualStudioVersion = 10.0.40219.1
Project("{FAE04EC0-301F-11D3-BF4B-00C04F79EFBC}") = "LAB_5(7)", "LAB_5(7)\LAB_5(7).csproj", "{CAEBA1B9-AF71-4D08-B284-0C6586D56733}"
EndProject
Global
	GlobalSection(SolutionConfigurationPlatforms) = preSolution
		Debug|Any CPU = Debug|Any CPU
		Release|Any CPU = Release|Any CPU
	EndGlobalSection
	GlobalSection(ProjectConfigurationPlatforms) = postSolution
		{CAEBA1B9-AF71-4D08-B284-0C6586D56733}.Debug|Any CPU.ActiveCfg = Debug|Any CPU
		{CAEBA1B9-AF71-4D08-B284-0C6586D56733}.Debug|Any CPU.Build.0 = Debug|Any CPU
		{CAEBA1B9-AF71-4D08-B284-0C6586D56733}.Release|Any CPU.ActiveCfg = Release|Any CPU
		{CAEBA1B9-AF71-4D08-B284-0C6586D56733}.Release|Any CPU.Build.0 = Release|Any CPU
	EndGlobalSection
	GlobalSection(SolutionProperties) = preSolution
		HideSolutionNode = FALSE
	EndGlobalSection
	GlobalSection(ExtensibilityGlobals) = postSolution
		SolutionGuid = {48324DE1-1AB0-4C39-918E-810EA2D4B58C}
	EndGlobalSection
EndGlobal
